// !$*UTF8*$!
{
	archiveVersion = 1;
	classes = {
	};
	objectVersion = 55;
	objects = {

/* Begin PBXBuildFile section */
		68649B212860F8A600D4B124 /* AppDelegate.swift in Sources */ = {isa = PBXBuildFile; fileRef = 68649B202860F8A600D4B124 /* AppDelegate.swift */; };
		68649B232860F8A600D4B124 /* SceneDelegate.swift in Sources */ = {isa = PBXBuildFile; fileRef = 68649B222860F8A600D4B124 /* SceneDelegate.swift */; };
		68649B252860F8A600D4B124 /* ViewController.swift in Sources */ = {isa = PBXBuildFile; fileRef = 68649B242860F8A600D4B124 /* ViewController.swift */; };
		68649B282860F8A600D4B124 /* Main.storyboard in Resources */ = {isa = PBXBuildFile; fileRef = 68649B262860F8A600D4B124 /* Main.storyboard */; };
		68649B2A2860F8A700D4B124 /* Assets.xcassets in Resources */ = {isa = PBXBuildFile; fileRef = 68649B292860F8A700D4B124 /* Assets.xcassets */; };
		68649B2D2860F8A700D4B124 /* LaunchScreen.storyboard in Resources */ = {isa = PBXBuildFile; fileRef = 68649B2B2860F8A700D4B124 /* LaunchScreen.storyboard */; };
		68649B352860F97E00D4B124 /* Networking.swift in Sources */ = {isa = PBXBuildFile; fileRef = 68649B342860F97E00D4B124 /* Networking.swift */; };
		68649B382862553000D4B124 /* Welcome.swift in Sources */ = {isa = PBXBuildFile; fileRef = 68649B372862553000D4B124 /* Welcome.swift */; };
/* End PBXBuildFile section */

/* Begin PBXFileReference section */
		68649B1D2860F8A600D4B124 /* MovieInfo.app */ = {isa = PBXFileReference; explicitFileType = wrapper.application; includeInIndex = 0; path = MovieInfo.app; sourceTree = BUILT_PRODUCTS_DIR; };
		68649B202860F8A600D4B124 /* AppDelegate.swift */ = {isa = PBXFileReference; lastKnownFileType = sourcecode.swift; path = AppDelegate.swift; sourceTree = "<group>"; };
		68649B222860F8A600D4B124 /* SceneDelegate.swift */ = {isa = PBXFileReference; lastKnownFileType = sourcecode.swift; path = SceneDelegate.swift; sourceTree = "<group>"; };
		68649B242860F8A600D4B124 /* ViewController.swift */ = {isa = PBXFileReference; lastKnownFileType = sourcecode.swift; path = ViewController.swift; sourceTree = "<group>"; };
		68649B272860F8A600D4B124 /* Base */ = {isa = PBXFileReference; lastKnownFileType = file.storyboard; name = Base; path = Base.lproj/Main.storyboard; sourceTree = "<group>"; };
		68649B292860F8A700D4B124 /* Assets.xcassets */ = {isa = PBXFileReference; lastKnownFileType = folder.assetcatalog; path = Assets.xcassets; sourceTree = "<group>"; };
		68649B2C2860F8A700D4B124 /* Base */ = {isa = PBXFileReference; lastKnownFileType = file.storyboard; name = Base; path = Base.lproj/LaunchScreen.storyboard; sourceTree = "<group>"; };
		68649B2E2860F8A700D4B124 /* Info.plist */ = {isa = PBXFileReference; lastKnownFileType = text.plist.xml; path = Info.plist; sourceTree = "<group>"; };
		68649B342860F97E00D4B124 /* Networking.swift */ = {isa = PBXFileReference; lastKnownFileType = sourcecode.swift; path = Networking.swift; sourceTree = "<group>"; };
		68649B372862553000D4B124 /* Welcome.swift */ = {isa = PBXFileReference; lastKnownFileType = sourcecode.swift; path = Welcome.swift; sourceTree = "<group>"; };
/* End PBXFileReference section */

/* Begin PBXFrameworksBuildPhase section */
		68649B1A2860F8A600D4B124 /* Frameworks */ = {
			isa = PBXFrameworksBuildPhase;
			buildActionMask = 2147483647;
			files = (
			);
			runOnlyForDeploymentPostprocessing = 0;
		};
/* End PBXFrameworksBuildPhase section */

/* Begin PBXGroup section */
		68649B142860F8A600D4B124 = {
			isa = PBXGroup;
			children = (
				68649B1F2860F8A600D4B124 /* MovieInfo */,
				68649B1E2860F8A600D4B124 /* Products */,
			);
			sourceTree = "<group>";
		};
		68649B1E2860F8A600D4B124 /* Products */ = {
			isa = PBXGroup;
			children = (
				68649B1D2860F8A600D4B124 /* MovieInfo.app */,
			);
			name = Products;
			sourceTree = "<group>";
		};
		68649B1F2860F8A600D4B124 /* MovieInfo */ = {
			isa = PBXGroup;
			children = (
				68649B262860F8A600D4B124 /* Main.storyboard */,
				68649B242860F8A600D4B124 /* ViewController.swift */,
				68649B3928625E0300D4B124 /* Model */,
				68649B362862304C00D4B124 /* NetworkManager */,
				68649B202860F8A600D4B124 /* AppDelegate.swift */,
				68649B222860F8A600D4B124 /* SceneDelegate.swift */,
				68649B292860F8A700D4B124 /* Assets.xcassets */,
				68649B2B2860F8A700D4B124 /* LaunchScreen.storyboard */,
				68649B2E2860F8A700D4B124 /* Info.plist */,
			);
			path = MovieInfo;
			sourceTree = "<group>";
		};
		68649B362862304C00D4B124 /* NetworkManager */ = {
			isa = PBXGroup;
			children = (
				68649B342860F97E00D4B124 /* Networking.swift */,
			);
			path = NetworkManager;
			sourceTree = "<group>";
		};
		68649B3928625E0300D4B124 /* Model */ = {
			isa = PBXGroup;
			children = (
				68649B372862553000D4B124 /* Welcome.swift */,
			);
			path = Model;
			sourceTree = "<group>";
		};
/* End PBXGroup section */

/* Begin PBXNativeTarget section */
		68649B1C2860F8A600D4B124 /* MovieInfo */ = {
			isa = PBXNativeTarget;
			buildConfigurationList = 68649B312860F8A700D4B124 /* Build configuration list for PBXNativeTarget "MovieInfo" */;
			buildPhases = (
				68649B192860F8A600D4B124 /* Sources */,
				68649B1A2860F8A600D4B124 /* Frameworks */,
				68649B1B2860F8A600D4B124 /* Resources */,
			);
			buildRules = (
			);
			dependencies = (
			);
			name = MovieInfo;
			productName = MovieInfo;
			productReference = 68649B1D2860F8A600D4B124 /* MovieInfo.app */;
			productType = "com.apple.product-type.application";
		};
/* End PBXNativeTarget section */

/* Begin PBXProject section */
		68649B152860F8A600D4B124 /* Project object */ = {
			isa = PBXProject;
			attributes = {
				BuildIndependentTargetsInParallel = 1;
				LastSwiftUpdateCheck = 1310;
				LastUpgradeCheck = 1310;
				TargetAttributes = {
					68649B1C2860F8A600D4B124 = {
						CreatedOnToolsVersion = 13.1;
					};
				};
			};
			buildConfigurationList = 68649B182860F8A600D4B124 /* Build configuration list for PBXProject "MovieInfo" */;
			compatibilityVersion = "Xcode 13.0";
			developmentRegion = en;
			hasScannedForEncodings = 0;
			knownRegions = (
				en,
				Base,
			);
			mainGroup = 68649B142860F8A600D4B124;
			productRefGroup = 68649B1E2860F8A600D4B124 /* Products */;
			projectDirPath = "";
			projectRoot = "";
			targets = (
				68649B1C2860F8A600D4B124 /* MovieInfo */,
			);
		};
/* End PBXProject section */

/* Begin PBXResourcesBuildPhase section */
		68649B1B2860F8A600D4B124 /* Resources */ = {
			isa = PBXResourcesBuildPhase;
			buildActionMask = 2147483647;
			files = (
				68649B2D2860F8A700D4B124 /* LaunchScreen.storyboard in Resources */,
				68649B2A2860F8A700D4B124 /* Assets.xcassets in Resources */,
				68649B282860F8A600D4B124 /* Main.storyboard in Resources */,
			);
			runOnlyForDeploymentPostprocessing = 0;
		};
/* End PBXResourcesBuildPhase section */

/* Begin PBXSourcesBuildPhase section */
		68649B192860F8A600D4B124 /* Sources */ = {
			isa = PBXSourcesBuildPhase;
			buildActionMask = 2147483647;
			files = (
				68649B252860F8A600D4B124 /* ViewController.swift in Sources */,
				68649B382862553000D4B124 /* Welcome.swift in Sources */,
				68649B352860F97E00D4B124 /* Networking.swift in Sources */,
				68649B212860F8A600D4B124 /* AppDelegate.swift in Sources */,
				68649B232860F8A600D4B124 /* SceneDelegate.swift in Sources */,
			);
			runOnlyForDeploymentPostprocessing = 0;
		};
/* End PBXSourcesBuildPhase section */

/* Begin PBXVariantGroup section */
		68649B262860F8A600D4B124 /* Main.storyboard */ = {
			isa = PBXVariantGroup;
			children = (
				68649B272860F8A600D4B124 /* Base */,
			);
			name = Main.storyboard;
			sourceTree = "<group>";
		};
		68649B2B2860F8A700D4B124 /* LaunchScreen.storyboard */ = {
			isa = PBXVariantGroup;
			children = (
				68649B2C2860F8A700D4B124 /* Base */,
			);
			name = LaunchScreen.storyboard;
			sourceTree = "<group>";
		};
/* End PBXVariantGroup section */

/* Begin XCBuildConfiguration section */
		68649B2F2860F8A700D4B124 /* Debug */ = {
			isa = XCBuildConfiguration;
			buildSettings = {
				ALWAYS_SEARCH_USER_PATHS = NO;
				CLANG_ANALYZER_NONNULL = YES;
				CLANG_ANALYZER_NUMBER_OBJECT_CONVERSION = YES_AGGRESSIVE;
				CLANG_CXX_LANGUAGE_STANDARD = "gnu++17";
				CLANG_CXX_LIBRARY = "libc++";
				CLANG_ENABLE_MODULES = YES;
				CLANG_ENABLE_OBJC_ARC = YES;
				CLANG_ENABLE_OBJC_WEAK = YES;
				CLANG_WARN_BLOCK_CAPTURE_AUTORELEASING = YES;
				CLANG_WARN_BOOL_CONVERSION = YES;
				CLANG_WARN_COMMA = YES;
				CLANG_WARN_CONSTANT_CONVERSION = YES;
				CLANG_WARN_DEPRECATED_OBJC_IMPLEMENTATIONS = YES;
				CLANG_WARN_DIRECT_OBJC_ISA_USAGE = YES_ERROR;
				CLANG_WARN_DOCUMENTATION_COMMENTS = YES;
				CLANG_WARN_EMPTY_BODY = YES;
				CLANG_WARN_ENUM_CONVERSION = YES;
				CLANG_WARN_INFINITE_RECURSION = YES;
				CLANG_WARN_INT_CONVERSION = YES;
				CLANG_WARN_NON_LITERAL_NULL_CONVERSION = YES;
				CLANG_WARN_OBJC_IMPLICIT_RETAIN_SELF = YES;
				CLANG_WARN_OBJC_LITERAL_CONVERSION = YES;
				CLANG_WARN_OBJC_ROOT_CLASS = YES_ERROR;
				CLANG_WARN_QUOTED_INCLUDE_IN_FRAMEWORK_HEADER = YES;
				CLANG_WARN_RANGE_LOOP_ANALYSIS = YES;
				CLANG_WARN_STRICT_PROTOTYPES = YES;
				CLANG_WARN_SUSPICIOUS_MOVE = YES;
				CLANG_WARN_UNGUARDED_AVAILABILITY = YES_AGGRESSIVE;
				CLANG_WARN_UNREACHABLE_CODE = YES;
				CLANG_WARN__DUPLICATE_METHOD_MATCH = YES;
				COPY_PHASE_STRIP = NO;
				DEBUG_INFORMATION_FORMAT = dwarf;
				ENABLE_STRICT_OBJC_MSGSEND = YES;
				ENABLE_TESTABILITY = YES;
				GCC_C_LANGUAGE_STANDARD = gnu11;
				GCC_DYNAMIC_NO_PIC = NO;
				GCC_NO_COMMON_BLOCKS = YES;
				GCC_OPTIMIZATION_LEVEL = 0;
				GCC_PREPROCESSOR_DEFINITIONS = (
					"DEBUG=1",
					"$(inherited)",
				);
				GCC_WARN_64_TO_32_BIT_CONVERSION = YES;
				GCC_WARN_ABOUT_RETURN_TYPE = YES_ERROR;
				GCC_WARN_UNDECLARED_SELECTOR = YES;
				GCC_WARN_UNINITIALIZED_AUTOS = YES_AGGRESSIVE;
				GCC_WARN_UNUSED_FUNCTION = YES;
				GCC_WARN_UNUSED_VARIABLE = YES;
				IPHONEOS_DEPLOYMENT_TARGET = 15.0;
				MTL_ENABLE_DEBUG_INFO = INCLUDE_SOURCE;
				MTL_FAST_MATH = YES;
				ONLY_ACTIVE_ARCH = YES;
				SDKROOT = iphoneos;
				SWIFT_ACTIVE_COMPILATION_CONDITIONS = DEBUG;
				SWIFT_OPTIMIZATION_LEVEL = "-Onone";
			};
			name = Debug;
		};
		68649B302860F8A700D4B124 /* Release */ = {
			isa = XCBuildConfiguration;
			buildSettings = {
				ALWAYS_SEARCH_USER_PATHS = NO;
				CLANG_ANALYZER_NONNULL = YES;
				CLANG_ANALYZER_NUMBER_OBJECT_CONVERSION = YES_AGGRESSIVE;
				CLANG_CXX_LANGUAGE_STANDARD = "gnu++17";
				CLANG_CXX_LIBRARY = "libc++";
				CLANG_ENABLE_MODULES = YES;
				CLANG_ENABLE_OBJC_ARC = YES;
				CLANG_ENABLE_OBJC_WEAK = YES;
				CLANG_WARN_BLOCK_CAPTURE_AUTORELEASING = YES;
				CLANG_WARN_BOOL_CONVERSION = YES;
				CLANG_WARN_COMMA = YES;
				CLANG_WARN_CONSTANT_CONVERSION = YES;
				CLANG_WARN_DEPRECATED_OBJC_IMPLEMENTATIONS = YES;
				CLANG_WARN_DIRECT_OBJC_ISA_USAGE = YES_ERROR;
				CLANG_WARN_DOCUMENTATION_COMMENTS = YES;
				CLANG_WARN_EMPTY_BODY = YES;
				CLANG_WARN_ENUM_CONVERSION = YES;
				CLANG_WARN_INFINITE_RECURSION = YES;
				CLANG_WARN_INT_CONVERSION = YES;
				CLANG_WARN_NON_LITERAL_NULL_CONVERSION = YES;
				CLANG_WARN_OBJC_IMPLICIT_RETAIN_SELF = YES;
				CLANG_WARN_OBJC_LITERAL_CONVERSION = YES;
				CLANG_WARN_OBJC_ROOT_CLASS = YES_ERROR;
				CLANG_WARN_QUOTED_INCLUDE_IN_FRAMEWORK_HEADER = YES;
				CLANG_WARN_RANGE_LOOP_ANALYSIS = YES;
				CLANG_WARN_STRICT_PROTOTYPES = YES;
				CLANG_WARN_SUSPICIOUS_MOVE = YES;
				CLANG_WARN_UNGUARDED_AVAILABILITY = YES_AGGRESSIVE;
				CLANG_WARN_UNREACHABLE_CODE = YES;
				CLANG_WARN__DUPLICATE_METHOD_MATCH = YES;
				COPY_PHASE_STRIP = NO;
				DEBUG_INFORMATION_FORMAT = "dwarf-with-dsym";
				ENABLE_NS_ASSERTIONS = NO;
				ENABLE_STRICT_OBJC_MSGSEND = YES;
				GCC_C_LANGUAGE_STANDARD = gnu11;
				GCC_NO_COMMON_BLOCKS = YES;
				GCC_WARN_64_TO_32_BIT_CONVERSION = YES;
				GCC_WARN_ABOUT_RETURN_TYPE = YES_ERROR;
				GCC_WARN_UNDECLARED_SELECTOR = YES;
				GCC_WARN_UNINITIALIZED_AUTOS = YES_AGGRESSIVE;
				GCC_WARN_UNUSED_FUNCTION = YES;
				GCC_WARN_UNUSED_VARIABLE = YES;
				IPHONEOS_DEPLOYMENT_TARGET = 15.0;
				MTL_ENABLE_DEBUG_INFO = NO;
				MTL_FAST_MATH = YES;
				SDKROOT = iphoneos;
				SWIFT_COMPILATION_MODE = wholemodule;
				SWIFT_OPTIMIZATION_LEVEL = "-O";
				VALIDATE_PRODUCT = YES;
			};
			name = Release;
		};
		68649B322860F8A700D4B124 /* Debug */ = {
			isa = XCBuildConfiguration;
			buildSettings = {
				ASSETCATALOG_COMPILER_APPICON_NAME = AppIcon;
				ASSETCATALOG_COMPILER_GLOBAL_ACCENT_COLOR_NAME = AccentColor;
				CODE_SIGN_STYLE = Automatic;
				CURRENT_PROJECT_VERSION = 1;
				DEVELOPMENT_TEAM = PK5GMP355X;
				GENERATE_INFOPLIST_FILE = YES;
				INFOPLIST_FILE = MovieInfo/Info.plist;
				INFOPLIST_KEY_UIApplicationSupportsIndirectInputEvents = YES;
				INFOPLIST_KEY_UILaunchStoryboardName = LaunchScreen;
				INFOPLIST_KEY_UIMainStoryboardFile = Main;
				INFOPLIST_KEY_UISupportedInterfaceOrientations = UIInterfaceOrientationPortrait;
				INFOPLIST_KEY_UISupportedInterfaceOrientations_iPad = "UIInterfaceOrientationPortrait UIInterfaceOrientationPortraitUpsideDown UIInterfaceOrientationLandscapeLeft UIInterfaceOrientationLandscapeRight";
				INFOPLIST_KEY_UISupportedInterfaceOrientations_iPhone = "UIInterfaceOrientationPortrait UIInterfaceOrientationLandscapeLeft UIInterfaceOrientationLandscapeRight";
				LD_RUNPATH_SEARCH_PATHS = (
					"$(inherited)",
					"@executable_path/Frameworks",
				);
				MARKETING_VERSION = 1.0;
				PRODUCT_BUNDLE_IDENTIFIER = ru.Kelevra.MovieInfo;
				PRODUCT_NAME = "$(TARGET_NAME)";
				SWIFT_EMIT_LOC_STRINGS = YES;
				SWIFT_VERSION = 5.0;
				TARGETED_DEVICE_FAMILY = 1;
			};
			name = Debug;
		};
		68649B332860F8A700D4B124 /* Release */ = {
			isa = XCBuildConfiguration;
			buildSettings = {
				ASSETCATALOG_COMPILER_APPICON_NAME = AppIcon;
				ASSETCATALOG_COMPILER_GLOBAL_ACCENT_COLOR_NAME = AccentColor;
				CODE_SIGN_STYLE = Automatic;
				CURRENT_PROJECT_VERSION = 1;
				DEVELOPMENT_TEAM = PK5GMP355X;
				GENERATE_INFOPLIST_FILE = YES;
				INFOPLIST_FILE = MovieInfo/Info.plist;
				INFOPLIST_KEY_UIApplicationSupportsIndirectInputEvents = YES;
				INFOPLIST_KEY_UILaunchStoryboardName = LaunchScreen;
				INFOPLIST_KEY_UIMainStoryboardFile = Main;
				INFOPLIST_KEY_UISupportedInterfaceOrientations = UIInterfaceOrientationPortrait;
				INFOPLIST_KEY_UISupportedInterfaceOrientations_iPad = "UIInterfaceOrientationPortrait UIInterfaceOrientationPortraitUpsideDown UIInterfaceOrientationLandscapeLeft UIInterfaceOrientationLandscapeRight";
				INFOPLIST_KEY_UISupportedInterfaceOrientations_iPhone = "UIInterfaceOrientationPortrait UIInterfaceOrientationLandscapeLeft UIInterfaceOrientationLandscapeRight";
				LD_RUNPATH_SEARCH_PATHS = (
					"$(inherited)",
					"@executable_path/Frameworks",
				);
				MARKETING_VERSION = 1.0;
				PRODUCT_BUNDLE_IDENTIFIER = ru.Kelevra.MovieInfo;
				PRODUCT_NAME = "$(TARGET_NAME)";
				SWIFT_EMIT_LOC_STRINGS = YES;
				SWIFT_VERSION = 5.0;
				TARGETED_DEVICE_FAMILY = 1;
			};
			name = Release;
		};
/* End XCBuildConfiguration section */

/* Begin XCConfigurationList section */
		68649B182860F8A600D4B124 /* Build configuration list for PBXProject "MovieInfo" */ = {
			isa = XCConfigurationList;
			buildConfigurations = (
				68649B2F2860F8A700D4B124 /* Debug */,
				68649B302860F8A700D4B124 /* Release */,
			);
			defaultConfigurationIsVisible = 0;
			defaultConfigurationName = Release;
		};
		68649B312860F8A700D4B124 /* Build configuration list for PBXNativeTarget "MovieInfo" */ = {
			isa = XCConfigurationList;
			buildConfigurations = (
				68649B322860F8A700D4B124 /* Debug */,
				68649B332860F8A700D4B124 /* Release */,
			);
			defaultConfigurationIsVisible = 0;
			defaultConfigurationName = Release;
		};
/* End XCConfigurationList section */
	};
	rootObject = 68649B152860F8A600D4B124 /* Project object */;
}
